
Microsoft Visual Studio Solution File, Format Version 12.00
# Visual Studio 15
VisualStudioVersion = 15.0.28307.1062
MinimumVisualStudioVersion = 10.0.40219.1
Project("{FAE04EC0-301F-11D3-BF4B-00C04F79EFBC}") = "StrategyPattern", "StrategyPattern\StrategyPattern.csproj", "{09419767-271E-4259-868E-5DDD90165B60}"
EndProject
Global
	GlobalSection(SolutionConfigurationPlatforms) = preSolution
		Debug|Any CPU = Debug|Any CPU
		Release|Any CPU = Release|Any CPU
	EndGlobalSection
	GlobalSection(ProjectConfigurationPlatforms) = postSolution
		{09419767-271E-4259-868E-5DDD90165B60}.Debug|Any CPU.ActiveCfg = Debug|Any CPU
		{09419767-271E-4259-868E-5DDD90165B60}.Debug|Any CPU.Build.0 = Debug|Any CPU
		{09419767-271E-4259-868E-5DDD90165B60}.Release|Any CPU.ActiveCfg = Release|Any CPU
		{09419767-271E-4259-868E-5DDD90165B60}.Release|Any CPU.Build.0 = Release|Any CPU
	EndGlobalSection
	GlobalSection(SolutionProperties) = preSolution
		HideSolutionNode = FALSE
	EndGlobalSection
	GlobalSection(ExtensibilityGlobals) = postSolution
		SolutionGuid = {034D4F5E-B15B-4836-BE3D-21BCFC4C2CC4}
	EndGlobalSection
EndGlobal
